
Microsoft Visual Studio Solution File, Format Version 12.00
# Visual Studio Version 17
VisualStudioVersion = 17.13.35919.96 d17.13
MinimumVisualStudioVersion = 10.0.40219.1
Project("{FAE04EC0-301F-11D3-BF4B-00C04F79EFBC}") = "InsightNotes.Api", "InsightNotes.Api\InsightNotes.Api.csproj", "{CAE21726-7963-4890-AEE5-6F6C558F12B6}"
EndProject
Global
	GlobalSection(SolutionConfigurationPlatforms) = preSolution
		Debug|Any CPU = Debug|Any CPU
		Release|Any CPU = Release|Any CPU
	EndGlobalSection
	GlobalSection(ProjectConfigurationPlatforms) = postSolution
		{CAE21726-7963-4890-AEE5-6F6C558F12B6}.Debug|Any CPU.ActiveCfg = Debug|Any CPU
		{CAE21726-7963-4890-AEE5-6F6C558F12B6}.Debug|Any CPU.Build.0 = Debug|Any CPU
		{CAE21726-7963-4890-AEE5-6F6C558F12B6}.Release|Any CPU.ActiveCfg = Release|Any CPU
		{CAE21726-7963-4890-AEE5-6F6C558F12B6}.Release|Any CPU.Build.0 = Release|Any CPU
	EndGlobalSection
	GlobalSection(SolutionProperties) = preSolution
		HideSolutionNode = FALSE
	EndGlobalSection
	GlobalSection(ExtensibilityGlobals) = postSolution
		SolutionGuid = {027D0FB3-17B4-4269-9385-5656FFAA4296}
	EndGlobalSection
EndGlobal
